<?xml version="1.0" encoding="utf-8"?>
<Project ToolsVersion="16.0" xmlns="http://schemas.microsoft.com/developer/msbuild/2003">
  <ItemGroup>
    <ClCompile Include="C:\Users\2kai2\GitHub\eu4img\cppModuleDev\graphics.cpp">
      <Filter>Source Files</Filter>
    </ClCompile>
  </ItemGroup>
  <ItemGroup>
    <CustomBuild Include="C:\Users\2kai2\GitHub\eu4img\cppModuleDev\CmakeLists.txt" />
  </ItemGroup>
  <ItemGroup>
    <Filter Include="Source Files">
      <UniqueIdentifier>{1832D28B-1F77-318E-BFAA-BF4BF0A570A2}</UniqueIdentifier>
    </Filter>
  </ItemGroup>
</Project>
